
Microsoft Visual Studio Solution File, Format Version 12.00
# Visual Studio 2015
Project("{FAE04EC0-301F-11D3-BF4B-00C04F79EFBC}") = "Amazing Racer", "Amazing Racer.csproj", "{91890FE9-655F-7C2E-2F05-C669DA91E98A}"
EndProject
Project("{FAE04EC0-301F-11D3-BF4B-00C04F79EFBC}") = "Amazing Racer.Plugins", "Amazing Racer.Plugins.csproj", "{27087BF8-EA94-830A-F066-C55D011B8C74}"
EndProject
Project("{FAE04EC0-301F-11D3-BF4B-00C04F79EFBC}") = "Amazing Racer.Editor.Plugins", "Amazing Racer.Editor.Plugins.csproj", "{B709B4D0-CF14-0E28-F193-222079902DC9}"
EndProject
Global
	GlobalSection(SolutionConfigurationPlatforms) = preSolution
		Debug|Any CPU = Debug|Any CPU
		Release|Any CPU = Release|Any CPU
	EndGlobalSection
	GlobalSection(ProjectConfigurationPlatforms) = postSolution
		{91890FE9-655F-7C2E-2F05-C669DA91E98A}.Debug|Any CPU.ActiveCfg = Debug|Any CPU
		{91890FE9-655F-7C2E-2F05-C669DA91E98A}.Debug|Any CPU.Build.0 = Debug|Any CPU
		{91890FE9-655F-7C2E-2F05-C669DA91E98A}.Release|Any CPU.ActiveCfg = Release|Any CPU
		{91890FE9-655F-7C2E-2F05-C669DA91E98A}.Release|Any CPU.Build.0 = Release|Any CPU
		{27087BF8-EA94-830A-F066-C55D011B8C74}.Debug|Any CPU.ActiveCfg = Debug|Any CPU
		{27087BF8-EA94-830A-F066-C55D011B8C74}.Debug|Any CPU.Build.0 = Debug|Any CPU
		{27087BF8-EA94-830A-F066-C55D011B8C74}.Release|Any CPU.ActiveCfg = Release|Any CPU
		{27087BF8-EA94-830A-F066-C55D011B8C74}.Release|Any CPU.Build.0 = Release|Any CPU
		{B709B4D0-CF14-0E28-F193-222079902DC9}.Debug|Any CPU.ActiveCfg = Debug|Any CPU
		{B709B4D0-CF14-0E28-F193-222079902DC9}.Debug|Any CPU.Build.0 = Debug|Any CPU
		{B709B4D0-CF14-0E28-F193-222079902DC9}.Release|Any CPU.ActiveCfg = Release|Any CPU
		{B709B4D0-CF14-0E28-F193-222079902DC9}.Release|Any CPU.Build.0 = Release|Any CPU
	EndGlobalSection
	GlobalSection(SolutionProperties) = preSolution
		HideSolutionNode = FALSE
	EndGlobalSection
EndGlobal
